
Microsoft Visual Studio Solution File, Format Version 12.00
# Visual Studio Version 17
VisualStudioVersion = 17.14.37516.0 d17.14
MinimumVisualStudioVersion = 10.0.40219.1
Project("{FAE04EC0-301F-11D3-BF4B-00C04F79EFBC}") = "Cadastro_Clinico", "Cadastro_Clinico\Cadastro_Clinico.csproj", "{961AC48E-D225-4660-AFFB-B2FCC930B63D}"
EndProject
Global
	GlobalSection(SolutionConfigurationPlatforms) = preSolution
		Debug|Any CPU = Debug|Any CPU
		Release|Any CPU = Release|Any CPU
	EndGlobalSection
	GlobalSection(ProjectConfigurationPlatforms) = postSolution
		{961AC48E-D225-4660-AFFB-B2FCC930B63D}.Debug|Any CPU.ActiveCfg = Debug|Any CPU
		{961AC48E-D225-4660-AFFB-B2FCC930B63D}.Debug|Any CPU.Build.0 = Debug|Any CPU
		{961AC48E-D225-4660-AFFB-B2FCC930B63D}.Release|Any CPU.ActiveCfg = Release|Any CPU
		{961AC48E-D225-4660-AFFB-B2FCC930B63D}.Release|Any CPU.Build.0 = Release|Any CPU
	EndGlobalSection
	GlobalSection(SolutionProperties) = preSolution
		HideSolutionNode = FALSE
	EndGlobalSection
	GlobalSection(ExtensibilityGlobals) = postSolution
		SolutionGuid = {6D5CC2AA-1171-4641-A47D-4C61CD6A009B}
	EndGlobalSection
EndGlobal
